
Microsoft Visual Studio Solution File, Format Version 12.00
# Visual Studio Version 17
VisualStudioVersion = 17.14.36429.23 d17.14
MinimumVisualStudioVersion = 10.0.40219.1
Project("{FAE04EC0-301F-11D3-BF4B-00C04F79EFBC}") = "Rhombus", "Rhombus\Rhombus.csproj", "{F67F7150-B489-4BB5-AEAF-9EA46E97470E}"
EndProject
Global
	GlobalSection(SolutionConfigurationPlatforms) = preSolution
		Debug|Any CPU = Debug|Any CPU
		Release|Any CPU = Release|Any CPU
	EndGlobalSection
	GlobalSection(ProjectConfigurationPlatforms) = postSolution
		{F67F7150-B489-4BB5-AEAF-9EA46E97470E}.Debug|Any CPU.ActiveCfg = Debug|Any CPU
		{F67F7150-B489-4BB5-AEAF-9EA46E97470E}.Debug|Any CPU.Build.0 = Debug|Any CPU
		{F67F7150-B489-4BB5-AEAF-9EA46E97470E}.Release|Any CPU.ActiveCfg = Release|Any CPU
		{F67F7150-B489-4BB5-AEAF-9EA46E97470E}.Release|Any CPU.Build.0 = Release|Any CPU
	EndGlobalSection
	GlobalSection(SolutionProperties) = preSolution
		HideSolutionNode = FALSE
	EndGlobalSection
	GlobalSection(ExtensibilityGlobals) = postSolution
		SolutionGuid = {E22A7A84-F60B-4B84-A34A-23AEC34157FB}
	EndGlobalSection
EndGlobal
